<Solution>
  <Folder Name="/tests/">
    <Project Path="tests/unit/Microsoft.Samples.Cosmos.NoSQL.CosmicWorks.Tests.Unit.csproj" />
  </Folder>
  <Project Path="data/Microsoft.Samples.Cosmos.NoSQL.CosmicWorks.Data.csproj" />
  <Project Path="generator/Microsoft.Samples.Cosmos.NoSQL.CosmicWorks.Generator.csproj" />
  <Project Path="models/Microsoft.Samples.Cosmos.NoSQL.CosmicWorks.Models.csproj" />
  <Project Path="tool/Microsoft.Samples.Cosmos.NoSQL.CosmicWorks.Tool.csproj" />
</Solution>