
Microsoft Visual Studio Solution File, Format Version 12.00
# Visual Studio Version 17
VisualStudioVersion = 17.0.31903.59
MinimumVisualStudioVersion = 10.0.40219.1
Project("{FAE04EC0-301F-11D3-BF4B-00C04F79EFBC}") = "Microsoft.Samples.Cosmos.NoSQL.CosmicWorks.Data", "data\Microsoft.Samples.Cosmos.NoSQL.CosmicWorks.Data.csproj", "{AA5E3104-9B1A-4655-BD80-79B603AE42FD}"
EndProject
Project("{FAE04EC0-301F-11D3-BF4B-00C04F79EFBC}") = "Microsoft.Samples.Cosmos.NoSQL.CosmicWorks.Generator", "generator\Microsoft.Samples.Cosmos.NoSQL.CosmicWorks.Generator.csproj", "{CCD50B3F-916E-444F-A5C1-FD6468893CD9}"
EndProject
Project("{FAE04EC0-301F-11D3-BF4B-00C04F79EFBC}") = "Microsoft.Samples.Cosmos.NoSQL.CosmicWorks.Models", "models\Microsoft.Samples.Cosmos.NoSQL.CosmicWorks.Models.csproj", "{5F4EDFDC-4419-4BC7-AEE2-0D201D3AD895}"
EndProject
Project("{FAE04EC0-301F-11D3-BF4B-00C04F79EFBC}") = "Microsoft.Samples.Cosmos.NoSQL.CosmicWorks.Tool", "tool\Microsoft.Samples.Cosmos.NoSQL.CosmicWorks.Tool.csproj", "{4BE6E04A-3EE1-45CF-8AB9-C2B3182F72E1}"
EndProject
Global
	GlobalSection(SolutionConfigurationPlatforms) = preSolution
		Debug|Any CPU = Debug|Any CPU
		Release|Any CPU = Release|Any CPU
	EndGlobalSection
	GlobalSection(SolutionProperties) = preSolution
		HideSolutionNode = FALSE
	EndGlobalSection
	GlobalSection(ProjectConfigurationPlatforms) = postSolution
		{AA5E3104-9B1A-4655-BD80-79B603AE42FD}.Debug|Any CPU.ActiveCfg = Debug|Any CPU
		{AA5E3104-9B1A-4655-BD80-79B603AE42FD}.Debug|Any CPU.Build.0 = Debug|Any CPU
		{AA5E3104-9B1A-4655-BD80-79B603AE42FD}.Release|Any CPU.ActiveCfg = Release|Any CPU
		{AA5E3104-9B1A-4655-BD80-79B603AE42FD}.Release|Any CPU.Build.0 = Release|Any CPU
		{CCD50B3F-916E-444F-A5C1-FD6468893CD9}.Debug|Any CPU.ActiveCfg = Debug|Any CPU
		{CCD50B3F-916E-444F-A5C1-FD6468893CD9}.Debug|Any CPU.Build.0 = Debug|Any CPU
		{CCD50B3F-916E-444F-A5C1-FD6468893CD9}.Release|Any CPU.ActiveCfg = Release|Any CPU
		{CCD50B3F-916E-444F-A5C1-FD6468893CD9}.Release|Any CPU.Build.0 = Release|Any CPU
		{5F4EDFDC-4419-4BC7-AEE2-0D201D3AD895}.Debug|Any CPU.ActiveCfg = Debug|Any CPU
		{5F4EDFDC-4419-4BC7-AEE2-0D201D3AD895}.Debug|Any CPU.Build.0 = Debug|Any CPU
		{5F4EDFDC-4419-4BC7-AEE2-0D201D3AD895}.Release|Any CPU.ActiveCfg = Release|Any CPU
		{5F4EDFDC-4419-4BC7-AEE2-0D201D3AD895}.Release|Any CPU.Build.0 = Release|Any CPU
		{4BE6E04A-3EE1-45CF-8AB9-C2B3182F72E1}.Debug|Any CPU.ActiveCfg = Debug|Any CPU
		{4BE6E04A-3EE1-45CF-8AB9-C2B3182F72E1}.Debug|Any CPU.Build.0 = Debug|Any CPU
		{4BE6E04A-3EE1-45CF-8AB9-C2B3182F72E1}.Release|Any CPU.ActiveCfg = Release|Any CPU
		{4BE6E04A-3EE1-45CF-8AB9-C2B3182F72E1}.Release|Any CPU.Build.0 = Release|Any CPU
	EndGlobalSection
EndGlobal
